
Microsoft Visual Studio Solution File, Format Version 12.00
# Visual Studio 15
VisualStudioVersion = 15.0.27004.2002
MinimumVisualStudioVersion = 10.0.40219.1
Project("{9A19103F-16F7-4668-BE54-9A1E7A4F7556}") = "RidingClubMS", "RidingClubMS\RidingClubMS.csproj", "{3CA611B0-6677-4865-B6EF-60E1AFA622C6}"
EndProject
Project("{9A19103F-16F7-4668-BE54-9A1E7A4F7556}") = "RidingClubMS.DAL", "DAL.RidingClubMS\RidingClubMS.DAL.csproj", "{959CA262-6B7B-4DA6-8352-1D9652D6D02A}"
EndProject
Project("{9A19103F-16F7-4668-BE54-9A1E7A4F7556}") = "RidingClubMS.BLL", "BLL.RidingClubMS\RidingClubMS.BLL.csproj", "{9108F3F7-56D2-4185-81BE-E5EE627D4EAB}"
EndProject
Global
	GlobalSection(SolutionConfigurationPlatforms) = preSolution
		Debug|Any CPU = Debug|Any CPU
		Release|Any CPU = Release|Any CPU
	EndGlobalSection
	GlobalSection(ProjectConfigurationPlatforms) = postSolution
		{3CA611B0-6677-4865-B6EF-60E1AFA622C6}.Debug|Any CPU.ActiveCfg = Debug|Any CPU
		{3CA611B0-6677-4865-B6EF-60E1AFA622C6}.Debug|Any CPU.Build.0 = Debug|Any CPU
		{3CA611B0-6677-4865-B6EF-60E1AFA622C6}.Release|Any CPU.ActiveCfg = Release|Any CPU
		{3CA611B0-6677-4865-B6EF-60E1AFA622C6}.Release|Any CPU.Build.0 = Release|Any CPU
		{959CA262-6B7B-4DA6-8352-1D9652D6D02A}.Debug|Any CPU.ActiveCfg = Debug|Any CPU
		{959CA262-6B7B-4DA6-8352-1D9652D6D02A}.Debug|Any CPU.Build.0 = Debug|Any CPU
		{959CA262-6B7B-4DA6-8352-1D9652D6D02A}.Release|Any CPU.ActiveCfg = Release|Any CPU
		{959CA262-6B7B-4DA6-8352-1D9652D6D02A}.Release|Any CPU.Build.0 = Release|Any CPU
		{9108F3F7-56D2-4185-81BE-E5EE627D4EAB}.Debug|Any CPU.ActiveCfg = Debug|Any CPU
		{9108F3F7-56D2-4185-81BE-E5EE627D4EAB}.Debug|Any CPU.Build.0 = Debug|Any CPU
		{9108F3F7-56D2-4185-81BE-E5EE627D4EAB}.Release|Any CPU.ActiveCfg = Release|Any CPU
		{9108F3F7-56D2-4185-81BE-E5EE627D4EAB}.Release|Any CPU.Build.0 = Release|Any CPU
	EndGlobalSection
	GlobalSection(SolutionProperties) = preSolution
		HideSolutionNode = FALSE
	EndGlobalSection
	GlobalSection(ExtensibilityGlobals) = postSolution
		SolutionGuid = {34851199-9E3E-4365-8C60-4E913E301DEA}
	EndGlobalSection
EndGlobal
